
Microsoft Visual Studio Solution File, Format Version 12.00
# Visual Studio Version 16
VisualStudioVersion = 16.0.31624.102
MinimumVisualStudioVersion = 10.0.40219.1
Project("{FAE04EC0-301F-11D3-BF4B-00C04F79EFBC}") = "Studentinformation2", "Studentinformation2\Studentinformation2.csproj", "{54DD5DDA-0F5B-4664-9968-B912C36F69F5}"
EndProject
Global
	GlobalSection(SolutionConfigurationPlatforms) = preSolution
		Debug|Any CPU = Debug|Any CPU
		Release|Any CPU = Release|Any CPU
	EndGlobalSection
	GlobalSection(ProjectConfigurationPlatforms) = postSolution
		{54DD5DDA-0F5B-4664-9968-B912C36F69F5}.Debug|Any CPU.ActiveCfg = Debug|Any CPU
		{54DD5DDA-0F5B-4664-9968-B912C36F69F5}.Debug|Any CPU.Build.0 = Debug|Any CPU
		{54DD5DDA-0F5B-4664-9968-B912C36F69F5}.Release|Any CPU.ActiveCfg = Release|Any CPU
		{54DD5DDA-0F5B-4664-9968-B912C36F69F5}.Release|Any CPU.Build.0 = Release|Any CPU
	EndGlobalSection
	GlobalSection(SolutionProperties) = preSolution
		HideSolutionNode = FALSE
	EndGlobalSection
	GlobalSection(ExtensibilityGlobals) = postSolution
		SolutionGuid = {18557384-8F59-4054-9A22-FFE3C5C52780}
	EndGlobalSection
EndGlobal
